
Microsoft Visual Studio Solution File, Format Version 12.00
# Visual Studio Version 16
VisualStudioVersion = 16.0.31019.35
MinimumVisualStudioVersion = 10.0.40219.1
Project("{FAE04EC0-301F-11D3-BF4B-00C04F79EFBC}") = "MyCRM.Lodgement.Sample", "MyCRM.Lodgement.Sample.csproj", "{9B5873FF-C285-46E2-89DD-930C605FDB93}"
EndProject
Global
	GlobalSection(SolutionConfigurationPlatforms) = preSolution
		Debug|Any CPU = Debug|Any CPU
		Release|Any CPU = Release|Any CPU
	EndGlobalSection
	GlobalSection(ProjectConfigurationPlatforms) = postSolution
		{9B5873FF-C285-46E2-89DD-930C605FDB93}.Debug|Any CPU.ActiveCfg = Debug|Any CPU
		{9B5873FF-C285-46E2-89DD-930C605FDB93}.Debug|Any CPU.Build.0 = Debug|Any CPU
		{9B5873FF-C285-46E2-89DD-930C605FDB93}.Release|Any CPU.ActiveCfg = Release|Any CPU
		{9B5873FF-C285-46E2-89DD-930C605FDB93}.Release|Any CPU.Build.0 = Release|Any CPU
	EndGlobalSection
	GlobalSection(SolutionProperties) = preSolution
		HideSolutionNode = FALSE
	EndGlobalSection
	GlobalSection(ExtensibilityGlobals) = postSolution
		SolutionGuid = {07674D10-FD67-435B-BBF2-F9CE9BF947E2}
	EndGlobalSection
EndGlobal
