
Microsoft Visual Studio Solution File, Format Version 12.00
# Visual Studio Version 16
VisualStudioVersion = 16.0.31019.35
MinimumVisualStudioVersion = 10.0.40219.1
Project("{9A19103F-16F7-4668-BE54-9A1E7A4F7556}") = "MyCRM.Lodgement.Sample", "MyCRM.Lodgement.Sample\MyCRM.Lodgement.Sample.csproj", "{9B5873FF-C285-46E2-89DD-930C605FDB93}"
EndProject
Project("{2150E333-8FDC-42A3-9474-1A3956D46DE8}") = "src", "src", "{C7A5F525-9F9D-409D-A605-50B451B974CD}"
EndProject
Project("{2150E333-8FDC-42A3-9474-1A3956D46DE8}") = "tests", "tests", "{881F7FE9-64AE-4F4F-84D3-D94678A98704}"
EndProject
Project("{9A19103F-16F7-4668-BE54-9A1E7A4F7556}") = "MyCRM.Lodgement.Sample.Tests", "MyCRM.Lodgement.Sample.Tests\MyCRM.Lodgement.Sample.Tests.csproj", "{82EFFC13-DE4B-4A57-A9EA-7E18DD65D983}"
EndProject
Project("{9A19103F-16F7-4668-BE54-9A1E7A4F7556}") = "MyCRM.Lodgement.Automation", "MyCRM.Lodgement.Automation\MyCRM.Lodgement.Automation.csproj", "{56E4CC0D-4EBB-4280-897F-AB848553EDDD}"
EndProject
Project("{FAE04EC0-301F-11D3-BF4B-00C04F79EFBC}") = "MyCRM.Lodgement.Common", "MyCRM.Lodgement.Core\MyCRM.Lodgement.Common.csproj", "{54988FFA-E726-4734-827C-E76C990D5290}"
EndProject
Project("{FAE04EC0-301F-11D3-BF4B-00C04F79EFBC}") = "MyCRM.Lodgement.Common.Tests", "MyCRM.Lodgement.Common.Tests\MyCRM.Lodgement.Common.Tests.csproj", "{2BEE7E2E-C6C2-48B9-B512-3878F39A1C66}"
EndProject
Global
	GlobalSection(SolutionConfigurationPlatforms) = preSolution
		Debug|Any CPU = Debug|Any CPU
		Release|Any CPU = Release|Any CPU
	EndGlobalSection
	GlobalSection(ProjectConfigurationPlatforms) = postSolution
		{9B5873FF-C285-46E2-89DD-930C605FDB93}.Debug|Any CPU.ActiveCfg = Debug|Any CPU
		{9B5873FF-C285-46E2-89DD-930C605FDB93}.Debug|Any CPU.Build.0 = Debug|Any CPU
		{9B5873FF-C285-46E2-89DD-930C605FDB93}.Release|Any CPU.ActiveCfg = Release|Any CPU
		{9B5873FF-C285-46E2-89DD-930C605FDB93}.Release|Any CPU.Build.0 = Release|Any CPU
		{82EFFC13-DE4B-4A57-A9EA-7E18DD65D983}.Debug|Any CPU.ActiveCfg = Debug|Any CPU
		{82EFFC13-DE4B-4A57-A9EA-7E18DD65D983}.Debug|Any CPU.Build.0 = Debug|Any CPU
		{82EFFC13-DE4B-4A57-A9EA-7E18DD65D983}.Release|Any CPU.ActiveCfg = Release|Any CPU
		{82EFFC13-DE4B-4A57-A9EA-7E18DD65D983}.Release|Any CPU.Build.0 = Release|Any CPU
		{56E4CC0D-4EBB-4280-897F-AB848553EDDD}.Debug|Any CPU.ActiveCfg = Debug|Any CPU
		{56E4CC0D-4EBB-4280-897F-AB848553EDDD}.Debug|Any CPU.Build.0 = Debug|Any CPU
		{56E4CC0D-4EBB-4280-897F-AB848553EDDD}.Release|Any CPU.ActiveCfg = Release|Any CPU
		{56E4CC0D-4EBB-4280-897F-AB848553EDDD}.Release|Any CPU.Build.0 = Release|Any CPU
		{54988FFA-E726-4734-827C-E76C990D5290}.Debug|Any CPU.ActiveCfg = Debug|Any CPU
		{54988FFA-E726-4734-827C-E76C990D5290}.Debug|Any CPU.Build.0 = Debug|Any CPU
		{54988FFA-E726-4734-827C-E76C990D5290}.Release|Any CPU.ActiveCfg = Release|Any CPU
		{54988FFA-E726-4734-827C-E76C990D5290}.Release|Any CPU.Build.0 = Release|Any CPU
		{2BEE7E2E-C6C2-48B9-B512-3878F39A1C66}.Debug|Any CPU.ActiveCfg = Debug|Any CPU
		{2BEE7E2E-C6C2-48B9-B512-3878F39A1C66}.Debug|Any CPU.Build.0 = Debug|Any CPU
		{2BEE7E2E-C6C2-48B9-B512-3878F39A1C66}.Release|Any CPU.ActiveCfg = Release|Any CPU
		{2BEE7E2E-C6C2-48B9-B512-3878F39A1C66}.Release|Any CPU.Build.0 = Release|Any CPU
	EndGlobalSection
	GlobalSection(SolutionProperties) = preSolution
		HideSolutionNode = FALSE
	EndGlobalSection
	GlobalSection(NestedProjects) = preSolution
		{9B5873FF-C285-46E2-89DD-930C605FDB93} = {C7A5F525-9F9D-409D-A605-50B451B974CD}
		{82EFFC13-DE4B-4A57-A9EA-7E18DD65D983} = {881F7FE9-64AE-4F4F-84D3-D94678A98704}
		{56E4CC0D-4EBB-4280-897F-AB848553EDDD} = {C7A5F525-9F9D-409D-A605-50B451B974CD}
		{54988FFA-E726-4734-827C-E76C990D5290} = {C7A5F525-9F9D-409D-A605-50B451B974CD}
		{2BEE7E2E-C6C2-48B9-B512-3878F39A1C66} = {881F7FE9-64AE-4F4F-84D3-D94678A98704}
	EndGlobalSection
	GlobalSection(ExtensibilityGlobals) = postSolution
		SolutionGuid = {07674D10-FD67-435B-BBF2-F9CE9BF947E2}
	EndGlobalSection
EndGlobal
